
Microsoft Visual Studio Solution File, Format Version 12.00
# Visual Studio 2013
VisualStudioVersion = 12.0.31101.0
MinimumVisualStudioVersion = 10.0.40219.1
Project("{F2A71F9B-5D33-465A-A702-920D77279786}") = "Bootstrap", "Bootstrap\Bootstrap.fsproj", "{55D1E58D-D18F-4493-BD0B-EA8BE87EF2DB}"
EndProject
Project("{F2A71F9B-5D33-465A-A702-920D77279786}") = "Bootstrap.Tests", "Bootstrap.Tests\Bootstrap.Tests.fsproj", "{9450ED42-C8C0-4374-AA62-BBD163115901}"
EndProject
Global
	GlobalSection(SolutionConfigurationPlatforms) = preSolution
		Debug|Any CPU = Debug|Any CPU
		Release|Any CPU = Release|Any CPU
	EndGlobalSection
	GlobalSection(ProjectConfigurationPlatforms) = postSolution
		{55D1E58D-D18F-4493-BD0B-EA8BE87EF2DB}.Debug|Any CPU.ActiveCfg = Debug|Any CPU
		{55D1E58D-D18F-4493-BD0B-EA8BE87EF2DB}.Debug|Any CPU.Build.0 = Debug|Any CPU
		{55D1E58D-D18F-4493-BD0B-EA8BE87EF2DB}.Release|Any CPU.ActiveCfg = Release|Any CPU
		{55D1E58D-D18F-4493-BD0B-EA8BE87EF2DB}.Release|Any CPU.Build.0 = Release|Any CPU
		{9450ED42-C8C0-4374-AA62-BBD163115901}.Debug|Any CPU.ActiveCfg = Debug|Any CPU
		{9450ED42-C8C0-4374-AA62-BBD163115901}.Debug|Any CPU.Build.0 = Debug|Any CPU
		{9450ED42-C8C0-4374-AA62-BBD163115901}.Release|Any CPU.ActiveCfg = Release|Any CPU
		{9450ED42-C8C0-4374-AA62-BBD163115901}.Release|Any CPU.Build.0 = Release|Any CPU
	EndGlobalSection
	GlobalSection(SolutionProperties) = preSolution
		HideSolutionNode = FALSE
	EndGlobalSection
EndGlobal
